
Microsoft Visual Studio Solution File, Format Version 12.00
# Visual Studio Version 17
VisualStudioVersion = 17.6.33815.320
MinimumVisualStudioVersion = 10.0.40219.1
Project("{9A19103F-16F7-4668-BE54-9A1E7A4F7556}") = "PlatformService", "PlatformService\PlatformService.csproj", "{ADA2EE06-5AA6-46BC-80BE-509B63A5F080}"
EndProject
Global
	GlobalSection(SolutionConfigurationPlatforms) = preSolution
		Debug|Any CPU = Debug|Any CPU
		Release|Any CPU = Release|Any CPU
	EndGlobalSection
	GlobalSection(ProjectConfigurationPlatforms) = postSolution
		{ADA2EE06-5AA6-46BC-80BE-509B63A5F080}.Debug|Any CPU.ActiveCfg = Debug|Any CPU
		{ADA2EE06-5AA6-46BC-80BE-509B63A5F080}.Debug|Any CPU.Build.0 = Debug|Any CPU
		{ADA2EE06-5AA6-46BC-80BE-509B63A5F080}.Release|Any CPU.ActiveCfg = Release|Any CPU
		{ADA2EE06-5AA6-46BC-80BE-509B63A5F080}.Release|Any CPU.Build.0 = Release|Any CPU
	EndGlobalSection
	GlobalSection(SolutionProperties) = preSolution
		HideSolutionNode = FALSE
	EndGlobalSection
	GlobalSection(ExtensibilityGlobals) = postSolution
		SolutionGuid = {12519587-4653-4709-8F73-96E2DD69BCE3}
	EndGlobalSection
EndGlobal
